
Microsoft Visual Studio Solution File, Format Version 12.00
# Visual Studio Version 17
VisualStudioVersion = 17.8.34511.84
MinimumVisualStudioVersion = 10.0.40219.1
Project("{54A90642-561A-4BB1-A94E-469ADEE60C69}") = "houseKeeperBernice", "houseKeeperBernice.esproj", "{FAEAB487-9E18-4DAA-9DC0-BD521FC4F21B}"
EndProject
Project("{2150E333-8FDC-42A3-9474-1A3956D46DE8}") = "솔루션 항목", "솔루션 항목", "{E1E7B79E-534C-4A02-BC14-D44AEF38CB7B}"
EndProject
Global
	GlobalSection(SolutionConfigurationPlatforms) = preSolution
		Debug|Any CPU = Debug|Any CPU
		Release|Any CPU = Release|Any CPU
	EndGlobalSection
	GlobalSection(ProjectConfigurationPlatforms) = postSolution
		{FAEAB487-9E18-4DAA-9DC0-BD521FC4F21B}.Debug|Any CPU.ActiveCfg = Debug|Any CPU
		{FAEAB487-9E18-4DAA-9DC0-BD521FC4F21B}.Debug|Any CPU.Build.0 = Debug|Any CPU
		{FAEAB487-9E18-4DAA-9DC0-BD521FC4F21B}.Debug|Any CPU.Deploy.0 = Debug|Any CPU
		{FAEAB487-9E18-4DAA-9DC0-BD521FC4F21B}.Release|Any CPU.ActiveCfg = Release|Any CPU
		{FAEAB487-9E18-4DAA-9DC0-BD521FC4F21B}.Release|Any CPU.Build.0 = Release|Any CPU
		{FAEAB487-9E18-4DAA-9DC0-BD521FC4F21B}.Release|Any CPU.Deploy.0 = Release|Any CPU
	EndGlobalSection
	GlobalSection(SolutionProperties) = preSolution
		HideSolutionNode = FALSE
	EndGlobalSection
	GlobalSection(ExtensibilityGlobals) = postSolution
		SolutionGuid = {D0F5177F-CF5E-444B-B3CD-429791E5E9CA}
	EndGlobalSection
EndGlobal
